
Microsoft Visual Studio Solution File, Format Version 12.00
Project("{FAE04EC0-301F-11D3-BF4B-00C04F79EFBC}") = "MSTestProject", "MSTestProject\MSTestProject.csproj", "{C33BA94D-4D6E-428A-A4C1-5E1F54B04BC1}"
EndProject
Project("{FAE04EC0-301F-11D3-BF4B-00C04F79EFBC}") = "NUnitProject", "NUnitProject\NUnitProject.csproj", "{3C40DD9D-3981-4726-B8C1-2F807BCB1ED8}"
EndProject
Project("{FAE04EC0-301F-11D3-BF4B-00C04F79EFBC}") = "Selenium_Basics", "Selenium_Basics\Selenium_Basics.csproj", "{8E3F3E32-CF81-4AC6-9D60-B81BCC2009DB}"
EndProject
Project("{FAE04EC0-301F-11D3-BF4B-00C04F79EFBC}") = "UnitTestsTask3", "UnitTestsTask3\UnitTestsTask3.csproj", "{C7C9F69E-2AC7-44DA-94E3-972B021B9DB9}"
EndProject
Project("{FAE04EC0-301F-11D3-BF4B-00C04F79EFBC}") = "UITests", "UITests\UITests.csproj", "{F8DC04C8-FD9F-42E3-9E87-C4D528740255}"
EndProject
Global
	GlobalSection(SolutionConfigurationPlatforms) = preSolution
		Debug|Any CPU = Debug|Any CPU
		Release|Any CPU = Release|Any CPU
	EndGlobalSection
	GlobalSection(ProjectConfigurationPlatforms) = postSolution
		{C33BA94D-4D6E-428A-A4C1-5E1F54B04BC1}.Debug|Any CPU.ActiveCfg = Debug|Any CPU
		{C33BA94D-4D6E-428A-A4C1-5E1F54B04BC1}.Debug|Any CPU.Build.0 = Debug|Any CPU
		{C33BA94D-4D6E-428A-A4C1-5E1F54B04BC1}.Release|Any CPU.ActiveCfg = Release|Any CPU
		{C33BA94D-4D6E-428A-A4C1-5E1F54B04BC1}.Release|Any CPU.Build.0 = Release|Any CPU
		{3C40DD9D-3981-4726-B8C1-2F807BCB1ED8}.Debug|Any CPU.ActiveCfg = Debug|Any CPU
		{3C40DD9D-3981-4726-B8C1-2F807BCB1ED8}.Debug|Any CPU.Build.0 = Debug|Any CPU
		{3C40DD9D-3981-4726-B8C1-2F807BCB1ED8}.Release|Any CPU.ActiveCfg = Release|Any CPU
		{3C40DD9D-3981-4726-B8C1-2F807BCB1ED8}.Release|Any CPU.Build.0 = Release|Any CPU
		{8E3F3E32-CF81-4AC6-9D60-B81BCC2009DB}.Debug|Any CPU.ActiveCfg = Debug|Any CPU
		{8E3F3E32-CF81-4AC6-9D60-B81BCC2009DB}.Debug|Any CPU.Build.0 = Debug|Any CPU
		{8E3F3E32-CF81-4AC6-9D60-B81BCC2009DB}.Release|Any CPU.ActiveCfg = Release|Any CPU
		{8E3F3E32-CF81-4AC6-9D60-B81BCC2009DB}.Release|Any CPU.Build.0 = Release|Any CPU
		{C7C9F69E-2AC7-44DA-94E3-972B021B9DB9}.Debug|Any CPU.ActiveCfg = Debug|Any CPU
		{C7C9F69E-2AC7-44DA-94E3-972B021B9DB9}.Debug|Any CPU.Build.0 = Debug|Any CPU
		{C7C9F69E-2AC7-44DA-94E3-972B021B9DB9}.Release|Any CPU.ActiveCfg = Release|Any CPU
		{C7C9F69E-2AC7-44DA-94E3-972B021B9DB9}.Release|Any CPU.Build.0 = Release|Any CPU
		{F8DC04C8-FD9F-42E3-9E87-C4D528740255}.Debug|Any CPU.ActiveCfg = Debug|Any CPU
		{F8DC04C8-FD9F-42E3-9E87-C4D528740255}.Debug|Any CPU.Build.0 = Debug|Any CPU
		{F8DC04C8-FD9F-42E3-9E87-C4D528740255}.Release|Any CPU.ActiveCfg = Release|Any CPU
		{F8DC04C8-FD9F-42E3-9E87-C4D528740255}.Release|Any CPU.Build.0 = Release|Any CPU
	EndGlobalSection
EndGlobal
