
Microsoft Visual Studio Solution File, Format Version 12.00
Project("{FAE04EC0-301F-11D3-BF4B-00C04F79EFBC}") = "MSTestProject", "MSTestProject\MSTestProject.csproj", "{C33BA94D-4D6E-428A-A4C1-5E1F54B04BC1}"
EndProject
Project("{FAE04EC0-301F-11D3-BF4B-00C04F79EFBC}") = "NUnitProject", "NUnitProject\NUnitProject.csproj", "{3C40DD9D-3981-4726-B8C1-2F807BCB1ED8}"
EndProject
Project("{FAE04EC0-301F-11D3-BF4B-00C04F79EFBC}") = "Selenium_Basics", "Selenium_Basics\Selenium_Basics.csproj", "{8E3F3E32-CF81-4AC6-9D60-B81BCC2009DB}"
EndProject
Project("{FAE04EC0-301F-11D3-BF4B-00C04F79EFBC}") = "Selenium_Advanced", "Selenium_Advanced\Selenium_Advanced.csproj", "{04D141E3-51A1-49BD-B708-FDC44397141D}"
EndProject
Global
	GlobalSection(SolutionConfigurationPlatforms) = preSolution
		Debug|Any CPU = Debug|Any CPU
		Release|Any CPU = Release|Any CPU
	EndGlobalSection
	GlobalSection(ProjectConfigurationPlatforms) = postSolution
		{C33BA94D-4D6E-428A-A4C1-5E1F54B04BC1}.Debug|Any CPU.ActiveCfg = Debug|Any CPU
		{C33BA94D-4D6E-428A-A4C1-5E1F54B04BC1}.Debug|Any CPU.Build.0 = Debug|Any CPU
		{C33BA94D-4D6E-428A-A4C1-5E1F54B04BC1}.Release|Any CPU.ActiveCfg = Release|Any CPU
		{C33BA94D-4D6E-428A-A4C1-5E1F54B04BC1}.Release|Any CPU.Build.0 = Release|Any CPU
		{3C40DD9D-3981-4726-B8C1-2F807BCB1ED8}.Debug|Any CPU.ActiveCfg = Debug|Any CPU
		{3C40DD9D-3981-4726-B8C1-2F807BCB1ED8}.Debug|Any CPU.Build.0 = Debug|Any CPU
		{3C40DD9D-3981-4726-B8C1-2F807BCB1ED8}.Release|Any CPU.ActiveCfg = Release|Any CPU
		{3C40DD9D-3981-4726-B8C1-2F807BCB1ED8}.Release|Any CPU.Build.0 = Release|Any CPU
		{8E3F3E32-CF81-4AC6-9D60-B81BCC2009DB}.Debug|Any CPU.ActiveCfg = Debug|Any CPU
		{8E3F3E32-CF81-4AC6-9D60-B81BCC2009DB}.Debug|Any CPU.Build.0 = Debug|Any CPU
		{8E3F3E32-CF81-4AC6-9D60-B81BCC2009DB}.Release|Any CPU.ActiveCfg = Release|Any CPU
		{8E3F3E32-CF81-4AC6-9D60-B81BCC2009DB}.Release|Any CPU.Build.0 = Release|Any CPU
		{04D141E3-51A1-49BD-B708-FDC44397141D}.Debug|Any CPU.ActiveCfg = Debug|Any CPU
		{04D141E3-51A1-49BD-B708-FDC44397141D}.Debug|Any CPU.Build.0 = Debug|Any CPU
		{04D141E3-51A1-49BD-B708-FDC44397141D}.Release|Any CPU.ActiveCfg = Release|Any CPU
		{04D141E3-51A1-49BD-B708-FDC44397141D}.Release|Any CPU.Build.0 = Release|Any CPU
	EndGlobalSection
EndGlobal
